
Microsoft Visual Studio Solution File, Format Version 12.00
# Visual Studio 2013
VisualStudioVersion = 12.0.31101.0
MinimumVisualStudioVersion = 10.0.40219.1
Project("{FAE04EC0-301F-11D3-BF4B-00C04F79EFBC}") = "Ajax.ESB.Licensing", "Ajax.ESB.Licensing\Ajax.ESB.Licensing.csproj", "{1537FBAB-12F0-428C-AF50-F0E271BB572E}"
EndProject
Project("{FAE04EC0-301F-11D3-BF4B-00C04F79EFBC}") = "Ajax.ESB.Licensing.ExternalSchemas", "Ajax.ESB.Licensing.ExternalSchemas\Ajax.ESB.Licensing.ExternalSchemas.btproj", "{B554D12A-09F7-4B14-B0D0-687D32F0247C}"
EndProject
Project("{2150E333-8FDC-42A3-9474-1A3956D46DE8}") = "SolutionArtefacts", "SolutionArtefacts", "{09CEC4C0-7CD3-41DB-85C0-619032825CC9}"
	ProjectSection(SolutionItems) = preProject
		SolutionArtefacts\Ajax.ESB.Licensing.snk = SolutionArtefacts\Ajax.ESB.Licensing.snk
		Ajax.ESB.Licensing.ExternalSchemas\WcfSendPort_SqlAdapterBinding_Custom.bindinginfo.xml = Ajax.ESB.Licensing.ExternalSchemas\WcfSendPort_SqlAdapterBinding_Custom.bindinginfo.xml
	EndProjectSection
EndProject
Project("{FAE04EC0-301F-11D3-BF4B-00C04F79EFBC}") = "Ajax.ESB.Licensing.InternalSchemas", "Ajax.ESB.Licensing.InternalSchemas\Ajax.ESB.Licensing.InternalSchemas.btproj", "{BDCCC26B-3660-4311-AB92-37AB679B1F6D}"
EndProject
Project("{FAE04EC0-301F-11D3-BF4B-00C04F79EFBC}") = "Ajax.ESB.Licensing.Maps", "Ajax.ESB.Licensing.Maps\Ajax.ESB.Licensing.Maps.btproj", "{B5F89675-CCF9-4211-A314-00E3B77DEA08}"
EndProject
Global
	GlobalSection(SolutionConfigurationPlatforms) = preSolution
		Debug|Any CPU = Debug|Any CPU
		Release|Any CPU = Release|Any CPU
	EndGlobalSection
	GlobalSection(ProjectConfigurationPlatforms) = postSolution
		{1537FBAB-12F0-428C-AF50-F0E271BB572E}.Debug|Any CPU.ActiveCfg = Debug|Any CPU
		{1537FBAB-12F0-428C-AF50-F0E271BB572E}.Debug|Any CPU.Build.0 = Debug|Any CPU
		{1537FBAB-12F0-428C-AF50-F0E271BB572E}.Release|Any CPU.ActiveCfg = Release|Any CPU
		{1537FBAB-12F0-428C-AF50-F0E271BB572E}.Release|Any CPU.Build.0 = Release|Any CPU
		{B554D12A-09F7-4B14-B0D0-687D32F0247C}.Debug|Any CPU.ActiveCfg = Debug|Any CPU
		{B554D12A-09F7-4B14-B0D0-687D32F0247C}.Debug|Any CPU.Build.0 = Debug|Any CPU
		{B554D12A-09F7-4B14-B0D0-687D32F0247C}.Debug|Any CPU.Deploy.0 = Debug|Any CPU
		{B554D12A-09F7-4B14-B0D0-687D32F0247C}.Release|Any CPU.ActiveCfg = Release|Any CPU
		{B554D12A-09F7-4B14-B0D0-687D32F0247C}.Release|Any CPU.Build.0 = Release|Any CPU
		{B554D12A-09F7-4B14-B0D0-687D32F0247C}.Release|Any CPU.Deploy.0 = Release|Any CPU
		{BDCCC26B-3660-4311-AB92-37AB679B1F6D}.Debug|Any CPU.ActiveCfg = Debug|Any CPU
		{BDCCC26B-3660-4311-AB92-37AB679B1F6D}.Debug|Any CPU.Build.0 = Debug|Any CPU
		{BDCCC26B-3660-4311-AB92-37AB679B1F6D}.Debug|Any CPU.Deploy.0 = Debug|Any CPU
		{BDCCC26B-3660-4311-AB92-37AB679B1F6D}.Release|Any CPU.ActiveCfg = Release|Any CPU
		{BDCCC26B-3660-4311-AB92-37AB679B1F6D}.Release|Any CPU.Build.0 = Release|Any CPU
		{BDCCC26B-3660-4311-AB92-37AB679B1F6D}.Release|Any CPU.Deploy.0 = Release|Any CPU
		{B5F89675-CCF9-4211-A314-00E3B77DEA08}.Debug|Any CPU.ActiveCfg = Debug|Any CPU
		{B5F89675-CCF9-4211-A314-00E3B77DEA08}.Debug|Any CPU.Build.0 = Debug|Any CPU
		{B5F89675-CCF9-4211-A314-00E3B77DEA08}.Debug|Any CPU.Deploy.0 = Debug|Any CPU
		{B5F89675-CCF9-4211-A314-00E3B77DEA08}.Release|Any CPU.ActiveCfg = Release|Any CPU
		{B5F89675-CCF9-4211-A314-00E3B77DEA08}.Release|Any CPU.Build.0 = Release|Any CPU
		{B5F89675-CCF9-4211-A314-00E3B77DEA08}.Release|Any CPU.Deploy.0 = Release|Any CPU
	EndGlobalSection
	GlobalSection(SolutionProperties) = preSolution
		HideSolutionNode = FALSE
	EndGlobalSection
EndGlobal
